
Microsoft Visual Studio Solution File, Format Version 12.00
# Visual Studio Version 17
VisualStudioVersion = 17.4.33122.133
MinimumVisualStudioVersion = 10.0.40219.1
Project("{FAE04EC0-301F-11D3-BF4B-00C04F79EFBC}") = "DAY21.Task", "DAY21.Task\DAY21.Task.csproj", "{BD431395-40B4-426F-ACFB-B657A56C60D4}"
EndProject
Project("{FAE04EC0-301F-11D3-BF4B-00C04F79EFBC}") = "Interface version", "Interface version\Interface version.csproj", "{B45A9293-94E8-482B-890A-709EF380BA1E}"
EndProject
Global
	GlobalSection(SolutionConfigurationPlatforms) = preSolution
		Debug|Any CPU = Debug|Any CPU
		Release|Any CPU = Release|Any CPU
	EndGlobalSection
	GlobalSection(ProjectConfigurationPlatforms) = postSolution
		{BD431395-40B4-426F-ACFB-B657A56C60D4}.Debug|Any CPU.ActiveCfg = Debug|Any CPU
		{BD431395-40B4-426F-ACFB-B657A56C60D4}.Debug|Any CPU.Build.0 = Debug|Any CPU
		{BD431395-40B4-426F-ACFB-B657A56C60D4}.Release|Any CPU.ActiveCfg = Release|Any CPU
		{BD431395-40B4-426F-ACFB-B657A56C60D4}.Release|Any CPU.Build.0 = Release|Any CPU
		{B45A9293-94E8-482B-890A-709EF380BA1E}.Debug|Any CPU.ActiveCfg = Debug|Any CPU
		{B45A9293-94E8-482B-890A-709EF380BA1E}.Debug|Any CPU.Build.0 = Debug|Any CPU
		{B45A9293-94E8-482B-890A-709EF380BA1E}.Release|Any CPU.ActiveCfg = Release|Any CPU
		{B45A9293-94E8-482B-890A-709EF380BA1E}.Release|Any CPU.Build.0 = Release|Any CPU
	EndGlobalSection
	GlobalSection(SolutionProperties) = preSolution
		HideSolutionNode = FALSE
	EndGlobalSection
	GlobalSection(ExtensibilityGlobals) = postSolution
		SolutionGuid = {A8E666BB-E490-4525-B18F-EF5244986429}
	EndGlobalSection
EndGlobal
